
Microsoft Visual Studio Solution File, Format Version 12.00
# Visual Studio 15
VisualStudioVersion = 15.0.27130.2020
MinimumVisualStudioVersion = 10.0.40219.1
Project("{9A19103F-16F7-4668-BE54-9A1E7A4F7556}") = "Serve", "Serve\Serve.csproj", "{EC07E179-D9CE-41EA-B1D1-861DFF1C1CEE}"
EndProject
Project("{9A19103F-16F7-4668-BE54-9A1E7A4F7556}") = "Api", "Api\Api.csproj", "{B72D3269-7E7B-4357-98D3-BAA14D6A3AA3}"
EndProject
Project("{FAE04EC0-301F-11D3-BF4B-00C04F79EFBC}") = "PSClient", "PSClient\PSClient.csproj", "{7A3B04E4-8D34-49AA-AE01-173BCA44879C}"
EndProject
Global
	GlobalSection(SolutionConfigurationPlatforms) = preSolution
		Debug|Any CPU = Debug|Any CPU
		Release|Any CPU = Release|Any CPU
	EndGlobalSection
	GlobalSection(ProjectConfigurationPlatforms) = postSolution
		{EC07E179-D9CE-41EA-B1D1-861DFF1C1CEE}.Debug|Any CPU.ActiveCfg = Debug|Any CPU
		{EC07E179-D9CE-41EA-B1D1-861DFF1C1CEE}.Debug|Any CPU.Build.0 = Debug|Any CPU
		{EC07E179-D9CE-41EA-B1D1-861DFF1C1CEE}.Release|Any CPU.ActiveCfg = Release|Any CPU
		{EC07E179-D9CE-41EA-B1D1-861DFF1C1CEE}.Release|Any CPU.Build.0 = Release|Any CPU
		{B72D3269-7E7B-4357-98D3-BAA14D6A3AA3}.Debug|Any CPU.ActiveCfg = Debug|Any CPU
		{B72D3269-7E7B-4357-98D3-BAA14D6A3AA3}.Debug|Any CPU.Build.0 = Debug|Any CPU
		{B72D3269-7E7B-4357-98D3-BAA14D6A3AA3}.Release|Any CPU.ActiveCfg = Release|Any CPU
		{B72D3269-7E7B-4357-98D3-BAA14D6A3AA3}.Release|Any CPU.Build.0 = Release|Any CPU
		{7A3B04E4-8D34-49AA-AE01-173BCA44879C}.Debug|Any CPU.ActiveCfg = Debug|Any CPU
		{7A3B04E4-8D34-49AA-AE01-173BCA44879C}.Debug|Any CPU.Build.0 = Debug|Any CPU
		{7A3B04E4-8D34-49AA-AE01-173BCA44879C}.Release|Any CPU.ActiveCfg = Release|Any CPU
		{7A3B04E4-8D34-49AA-AE01-173BCA44879C}.Release|Any CPU.Build.0 = Release|Any CPU
	EndGlobalSection
	GlobalSection(SolutionProperties) = preSolution
		HideSolutionNode = FALSE
	EndGlobalSection
	GlobalSection(ExtensibilityGlobals) = postSolution
		SolutionGuid = {FDE38FDA-219B-4FE7-8755-5DF44851150C}
	EndGlobalSection
EndGlobal
